
Microsoft Visual Studio Solution File, Format Version 12.00
Project("{FAE04EC0-301F-11D3-BF4B-00C04F79EFBC}") = "TI_4", "TI_4\TI_4.csproj", "{994350D6-01A1-4AF6-BB14-83CECB9934EC}"
EndProject
Global
	GlobalSection(SolutionConfigurationPlatforms) = preSolution
		Debug|Any CPU = Debug|Any CPU
		Release|Any CPU = Release|Any CPU
	EndGlobalSection
	GlobalSection(ProjectConfigurationPlatforms) = postSolution
		{994350D6-01A1-4AF6-BB14-83CECB9934EC}.Debug|Any CPU.ActiveCfg = Debug|Any CPU
		{994350D6-01A1-4AF6-BB14-83CECB9934EC}.Debug|Any CPU.Build.0 = Debug|Any CPU
		{994350D6-01A1-4AF6-BB14-83CECB9934EC}.Release|Any CPU.ActiveCfg = Release|Any CPU
		{994350D6-01A1-4AF6-BB14-83CECB9934EC}.Release|Any CPU.Build.0 = Release|Any CPU
		{994350D6-01A1-4AF6-BB14-83CECB9934EC}.Release|Any CPU.Deploy.0 = Release|Any CPU
	EndGlobalSection
EndGlobal
